
Microsoft Visual Studio Solution File, Format Version 12.00
# Visual Studio Version 16
VisualStudioVersion = 16.0.29519.181
MinimumVisualStudioVersion = 10.0.40219.1
Project("{FAE04EC0-301F-11D3-BF4B-00C04F79EFBC}") = "SelectDistinctQuery", "SelectDistinctQuery\SelectDistinctQuery.csproj", "{1ECABE09-765B-4FD5-850D-C79C3887B7E4}"
EndProject
Global
	GlobalSection(SolutionConfigurationPlatforms) = preSolution
		Debug|Any CPU = Debug|Any CPU
		Release|Any CPU = Release|Any CPU
	EndGlobalSection
	GlobalSection(ProjectConfigurationPlatforms) = postSolution
		{1ECABE09-765B-4FD5-850D-C79C3887B7E4}.Debug|Any CPU.ActiveCfg = Debug|Any CPU
		{1ECABE09-765B-4FD5-850D-C79C3887B7E4}.Debug|Any CPU.Build.0 = Debug|Any CPU
		{1ECABE09-765B-4FD5-850D-C79C3887B7E4}.Release|Any CPU.ActiveCfg = Release|Any CPU
		{1ECABE09-765B-4FD5-850D-C79C3887B7E4}.Release|Any CPU.Build.0 = Release|Any CPU
	EndGlobalSection
	GlobalSection(SolutionProperties) = preSolution
		HideSolutionNode = FALSE
	EndGlobalSection
	GlobalSection(ExtensibilityGlobals) = postSolution
		SolutionGuid = {F7497BC7-7026-4B67-BBC6-5DE5624CA607}
	EndGlobalSection
EndGlobal
