
Microsoft Visual Studio Solution File, Format Version 12.00
# Visual Studio 15
Project("{FAE04EC0-301F-11D3-BF4B-00C04F79EFBC}") = "Ch11Ex02b", "Ch11Ex02b\Ch11Ex02b.csproj", "{860E6274-5CD2-4520-9424-A589B4D61473}"
EndProject
Global
	GlobalSection(SolutionConfigurationPlatforms) = preSolution
		Debug|x86 = Debug|x86
		Release|x86 = Release|x86
	EndGlobalSection
	GlobalSection(ProjectConfigurationPlatforms) = postSolution
		{860E6274-5CD2-4520-9424-A589B4D61473}.Debug|x86.ActiveCfg = Debug|x86
		{860E6274-5CD2-4520-9424-A589B4D61473}.Debug|x86.Build.0 = Debug|x86
		{860E6274-5CD2-4520-9424-A589B4D61473}.Release|x86.ActiveCfg = Release|x86
		{860E6274-5CD2-4520-9424-A589B4D61473}.Release|x86.Build.0 = Release|x86
	EndGlobalSection
EndGlobal
