
Microsoft Visual Studio Solution File, Format Version 12.00
# Visual Studio Version 16
VisualStudioVersion = 16.0.29519.181
MinimumVisualStudioVersion = 10.0.40219.1
Project("{FAE04EC0-301F-11D3-BF4B-00C04F79EFBC}") = "MultiLevelOrdering", "MultiLevelOrdering\MultiLevelOrdering.csproj", "{917489C1-E2B1-4277-BA6B-2A6C121DBF23}"
EndProject
Global
	GlobalSection(SolutionConfigurationPlatforms) = preSolution
		Debug|Any CPU = Debug|Any CPU
		Release|Any CPU = Release|Any CPU
	EndGlobalSection
	GlobalSection(ProjectConfigurationPlatforms) = postSolution
		{917489C1-E2B1-4277-BA6B-2A6C121DBF23}.Debug|Any CPU.ActiveCfg = Debug|Any CPU
		{917489C1-E2B1-4277-BA6B-2A6C121DBF23}.Debug|Any CPU.Build.0 = Debug|Any CPU
		{917489C1-E2B1-4277-BA6B-2A6C121DBF23}.Release|Any CPU.ActiveCfg = Release|Any CPU
		{917489C1-E2B1-4277-BA6B-2A6C121DBF23}.Release|Any CPU.Build.0 = Release|Any CPU
	EndGlobalSection
	GlobalSection(SolutionProperties) = preSolution
		HideSolutionNode = FALSE
	EndGlobalSection
	GlobalSection(ExtensibilityGlobals) = postSolution
		SolutionGuid = {0AA363FD-6BB7-4F5D-8DDE-099489CDD3AA}
	EndGlobalSection
EndGlobal
