
Microsoft Visual Studio Solution File, Format Version 12.00
# Visual Studio Version 16
VisualStudioVersion = 16.0.29519.181
MinimumVisualStudioVersion = 10.0.40219.1
Project("{FAE04EC0-301F-11D3-BF4B-00C04F79EFBC}") = "LargeNumberQuery", "LargeNumberQuery\LargeNumberQuery.csproj", "{EB23955F-9162-49C6-BBEB-164AA72DC587}"
EndProject
Global
	GlobalSection(SolutionConfigurationPlatforms) = preSolution
		Debug|Any CPU = Debug|Any CPU
		Release|Any CPU = Release|Any CPU
	EndGlobalSection
	GlobalSection(ProjectConfigurationPlatforms) = postSolution
		{EB23955F-9162-49C6-BBEB-164AA72DC587}.Debug|Any CPU.ActiveCfg = Debug|Any CPU
		{EB23955F-9162-49C6-BBEB-164AA72DC587}.Debug|Any CPU.Build.0 = Debug|Any CPU
		{EB23955F-9162-49C6-BBEB-164AA72DC587}.Release|Any CPU.ActiveCfg = Release|Any CPU
		{EB23955F-9162-49C6-BBEB-164AA72DC587}.Release|Any CPU.Build.0 = Release|Any CPU
	EndGlobalSection
	GlobalSection(SolutionProperties) = preSolution
		HideSolutionNode = FALSE
	EndGlobalSection
	GlobalSection(ExtensibilityGlobals) = postSolution
		SolutionGuid = {D363514F-16CE-4BB1-B76F-8A56E81AB70B}
	EndGlobalSection
EndGlobal
