
Microsoft Visual Studio Solution File, Format Version 12.00
# Visual Studio Version 16
VisualStudioVersion = 16.0.29519.181
MinimumVisualStudioVersion = 10.0.40219.1
Project("{FAE04EC0-301F-11D3-BF4B-00C04F79EFBC}") = "CodeFirstDatabase", "CodeFirstDatabase\CodeFirstDatabase.csproj", "{34933DF2-8017-4E3B-8627-51C78228FB70}"
EndProject
Global
	GlobalSection(SolutionConfigurationPlatforms) = preSolution
		Debug|Any CPU = Debug|Any CPU
		Release|Any CPU = Release|Any CPU
	EndGlobalSection
	GlobalSection(ProjectConfigurationPlatforms) = postSolution
		{34933DF2-8017-4E3B-8627-51C78228FB70}.Debug|Any CPU.ActiveCfg = Debug|Any CPU
		{34933DF2-8017-4E3B-8627-51C78228FB70}.Debug|Any CPU.Build.0 = Debug|Any CPU
		{34933DF2-8017-4E3B-8627-51C78228FB70}.Release|Any CPU.ActiveCfg = Release|Any CPU
		{34933DF2-8017-4E3B-8627-51C78228FB70}.Release|Any CPU.Build.0 = Release|Any CPU
	EndGlobalSection
	GlobalSection(SolutionProperties) = preSolution
		HideSolutionNode = FALSE
	EndGlobalSection
	GlobalSection(ExtensibilityGlobals) = postSolution
		SolutionGuid = {1C195FAB-24B5-4E01-AE93-A9F5AC6ECC75}
	EndGlobalSection
EndGlobal
